
Microsoft Visual Studio Solution File, Format Version 12.00
# Visual Studio 2013
VisualStudioVersion = 12.0.30324.0
MinimumVisualStudioVersion = 10.0.40219.1
Project("{FAE04EC0-301F-11D3-BF4B-00C04F79EFBC}") = "CycleSalesInternalApp", "CycleSalesInternalApp\CycleSalesInternalApp.csproj", "{CF933CD7-390C-4B34-8F9E-A0E9754B1065}"
EndProject
Project("{FAE04EC0-301F-11D3-BF4B-00C04F79EFBC}") = "UnitTests", "UnitTests\UnitTests.csproj", "{06FF7586-3024-4DB7-A381-2E3146C85809}"
EndProject
Global
	GlobalSection(SolutionConfigurationPlatforms) = preSolution
		Debug|Any CPU = Debug|Any CPU
		Release|Any CPU = Release|Any CPU
	EndGlobalSection
	GlobalSection(ProjectConfigurationPlatforms) = postSolution
		{CF933CD7-390C-4B34-8F9E-A0E9754B1065}.Debug|Any CPU.ActiveCfg = Debug|Any CPU
		{CF933CD7-390C-4B34-8F9E-A0E9754B1065}.Debug|Any CPU.Build.0 = Debug|Any CPU
		{CF933CD7-390C-4B34-8F9E-A0E9754B1065}.Release|Any CPU.ActiveCfg = Release|Any CPU
		{CF933CD7-390C-4B34-8F9E-A0E9754B1065}.Release|Any CPU.Build.0 = Release|Any CPU
		{06FF7586-3024-4DB7-A381-2E3146C85809}.Debug|Any CPU.ActiveCfg = Debug|Any CPU
		{06FF7586-3024-4DB7-A381-2E3146C85809}.Debug|Any CPU.Build.0 = Debug|Any CPU
		{06FF7586-3024-4DB7-A381-2E3146C85809}.Release|Any CPU.ActiveCfg = Release|Any CPU
		{06FF7586-3024-4DB7-A381-2E3146C85809}.Release|Any CPU.Build.0 = Release|Any CPU
	EndGlobalSection
	GlobalSection(SolutionProperties) = preSolution
		HideSolutionNode = FALSE
	EndGlobalSection
EndGlobal
